lockfileVersion: '6.0'

settings:
  autoInstallPeers: true
  excludeLinksFromLockfile: false

dependencies:
  '@types/node':
    specifier: '16'
    version: 16.18.61

devDependencies:
  typescript:
    specifier: ^5.2.2
    version: 5.2.2

packages:

  /@types/node@16.18.61:
    resolution: {integrity: sha512-k0N7BqGhJoJzdh6MuQg1V1ragJiXTh8VUBAZTWjJ9cUq23SG0F0xavOwZbhiP4J3y20xd6jxKx+xNUhkMAi76Q==}
    dev: false

  /typescript@5.2.2:
    resolution: {integrity: sha512-mI4WrpHsbCIcwT9cF4FZvr80QUeKvsUsUvKDoR+X/7XHQH98xYD8YHZg7ANtz2GtZt/CBq2QJ0thkGJMHfqc1w==}
    engines: {node: '>=14.17'}
    hasBin: true
    dev: true
